
Microsoft Visual Studio Solution File, Format Version 12.00
# Visual Studio Version 17
VisualStudioVersion = 17.0.31903.59
MinimumVisualStudioVersion = 10.0.40219.1
Project("{FAE04EC0-301F-11D3-BF4B-00C04F79EFBC}") = "Ingestion", "Ingestion\Ingestion.csproj", "{DAC29DD8-2AA3-4FF1-AAAA-96BCB74E97D7}"
EndProject
Project("{FAE04EC0-301F-11D3-BF4B-00C04F79EFBC}") = "RetrievalAugmentedGenerationApp", "RetrievalAugmentedGenerationApp\RetrievalAugmentedGenerationApp.csproj", "{0DF294BB-5686-4702-A221-6FDB3735E21B}"
EndProject
Global
	GlobalSection(SolutionConfigurationPlatforms) = preSolution
		Debug|Any CPU = Debug|Any CPU
		Release|Any CPU = Release|Any CPU
	EndGlobalSection
	GlobalSection(ProjectConfigurationPlatforms) = postSolution
		{DAC29DD8-2AA3-4FF1-AAAA-96BCB74E97D7}.Debug|Any CPU.ActiveCfg = Debug|Any CPU
		{DAC29DD8-2AA3-4FF1-AAAA-96BCB74E97D7}.Debug|Any CPU.Build.0 = Debug|Any CPU
		{DAC29DD8-2AA3-4FF1-AAAA-96BCB74E97D7}.Release|Any CPU.ActiveCfg = Release|Any CPU
		{DAC29DD8-2AA3-4FF1-AAAA-96BCB74E97D7}.Release|Any CPU.Build.0 = Release|Any CPU
		{0DF294BB-5686-4702-A221-6FDB3735E21B}.Debug|Any CPU.ActiveCfg = Debug|Any CPU
		{0DF294BB-5686-4702-A221-6FDB3735E21B}.Debug|Any CPU.Build.0 = Debug|Any CPU
		{0DF294BB-5686-4702-A221-6FDB3735E21B}.Release|Any CPU.ActiveCfg = Release|Any CPU
		{0DF294BB-5686-4702-A221-6FDB3735E21B}.Release|Any CPU.Build.0 = Release|Any CPU
	EndGlobalSection
	GlobalSection(SolutionProperties) = preSolution
		HideSolutionNode = FALSE
	EndGlobalSection
EndGlobal
